
Microsoft Visual Studio Solution File, Format Version 12.00
# Visual Studio Version 16
VisualStudioVersion = 16.0.31911.196
MinimumVisualStudioVersion = 10.0.40219.1
Project("{FAE04EC0-301F-11D3-BF4B-00C04F79EFBC}") = "AS_Assignment", "AS_Assignment\AS_Assignment.csproj", "{C437958E-40AA-48E9-BFE4-E18A8D9BB4C5}"
EndProject
Global
	GlobalSection(SolutionConfigurationPlatforms) = preSolution
		Debug|Any CPU = Debug|Any CPU
		Release|Any CPU = Release|Any CPU
	EndGlobalSection
	GlobalSection(ProjectConfigurationPlatforms) = postSolution
		{C437958E-40AA-48E9-BFE4-E18A8D9BB4C5}.Debug|Any CPU.ActiveCfg = Debug|Any CPU
		{C437958E-40AA-48E9-BFE4-E18A8D9BB4C5}.Debug|Any CPU.Build.0 = Debug|Any CPU
		{C437958E-40AA-48E9-BFE4-E18A8D9BB4C5}.Release|Any CPU.ActiveCfg = Release|Any CPU
		{C437958E-40AA-48E9-BFE4-E18A8D9BB4C5}.Release|Any CPU.Build.0 = Release|Any CPU
	EndGlobalSection
	GlobalSection(SolutionProperties) = preSolution
		HideSolutionNode = FALSE
	EndGlobalSection
	GlobalSection(ExtensibilityGlobals) = postSolution
		SolutionGuid = {1E24CA94-A41D-4083-A87A-A96A39AA2E25}
	EndGlobalSection
EndGlobal
